
Microsoft Visual Studio Solution File, Format Version 12.00
# Visual Studio Version 17
VisualStudioVersion = 17.13.35818.85
MinimumVisualStudioVersion = 10.0.40219.1
Project("{FAE04EC0-301F-11D3-BF4B-00C04F79EFBC}") = "frontend", "frontend.csproj", "{2C057109-E805-4CDC-BF83-42C8C859937C}"
EndProject
Global
	GlobalSection(SolutionConfigurationPlatforms) = preSolution
		Debug|Any CPU = Debug|Any CPU
		Release|Any CPU = Release|Any CPU
	EndGlobalSection
	GlobalSection(ProjectConfigurationPlatforms) = postSolution
		{2C057109-E805-4CDC-BF83-42C8C859937C}.Debug|Any CPU.ActiveCfg = Debug|Any CPU
		{2C057109-E805-4CDC-BF83-42C8C859937C}.Debug|Any CPU.Build.0 = Debug|Any CPU
		{2C057109-E805-4CDC-BF83-42C8C859937C}.Release|Any CPU.ActiveCfg = Release|Any CPU
		{2C057109-E805-4CDC-BF83-42C8C859937C}.Release|Any CPU.Build.0 = Release|Any CPU
	EndGlobalSection
	GlobalSection(SolutionProperties) = preSolution
		HideSolutionNode = FALSE
	EndGlobalSection
	GlobalSection(ExtensibilityGlobals) = postSolution
		SolutionGuid = {DB60E709-C8BD-458B-B695-DB6187B3C370}
	EndGlobalSection
EndGlobal
